
Microsoft Visual Studio Solution File, Format Version 12.00
# Visual Studio 15
VisualStudioVersion = 15.0.27428.2037
MinimumVisualStudioVersion = 10.0.40219.1
Project("{9A19103F-16F7-4668-BE54-9A1E7A4F7556}") = "QrF.Core.FaceRecognition.API", "QrF.Core.FaceRecognition.API\QrF.Core.FaceRecognition.API.csproj", "{2E51B783-8D1B-4A8B-B062-4F16AD8229E4}"
EndProject
Project("{2150E333-8FDC-42A3-9474-1A3956D46DE8}") = "src", "src", "{761A3A14-E27D-48C9-8B37-3CBA46B1CC01}"
EndProject
Project("{9A19103F-16F7-4668-BE54-9A1E7A4F7556}") = "QrF.FaceRecognition.API", "QrF.FaceRecognition.API\QrF.FaceRecognition.API.csproj", "{37CCCEE0-338F-458B-AAAD-843D42D7F87D}"
EndProject
Project("{FAE04EC0-301F-11D3-BF4B-00C04F79EFBC}") = "QrF.FaceRecForCamera", "QrF.FaceRecForCamera\QrF.FaceRecForCamera.csproj", "{17B3E7FB-730F-4DDE-9BF3-5D4C04801548}"
EndProject
Global
	GlobalSection(SolutionConfigurationPlatforms) = preSolution
		Debug|Any CPU = Debug|Any CPU
		Release|Any CPU = Release|Any CPU
	EndGlobalSection
	GlobalSection(ProjectConfigurationPlatforms) = postSolution
		{2E51B783-8D1B-4A8B-B062-4F16AD8229E4}.Debug|Any CPU.ActiveCfg = Debug|Any CPU
		{2E51B783-8D1B-4A8B-B062-4F16AD8229E4}.Debug|Any CPU.Build.0 = Debug|Any CPU
		{2E51B783-8D1B-4A8B-B062-4F16AD8229E4}.Release|Any CPU.ActiveCfg = Release|Any CPU
		{2E51B783-8D1B-4A8B-B062-4F16AD8229E4}.Release|Any CPU.Build.0 = Release|Any CPU
		{37CCCEE0-338F-458B-AAAD-843D42D7F87D}.Debug|Any CPU.ActiveCfg = Debug|Any CPU
		{37CCCEE0-338F-458B-AAAD-843D42D7F87D}.Debug|Any CPU.Build.0 = Debug|Any CPU
		{37CCCEE0-338F-458B-AAAD-843D42D7F87D}.Release|Any CPU.ActiveCfg = Release|Any CPU
		{37CCCEE0-338F-458B-AAAD-843D42D7F87D}.Release|Any CPU.Build.0 = Release|Any CPU
		{17B3E7FB-730F-4DDE-9BF3-5D4C04801548}.Debug|Any CPU.ActiveCfg = Debug|Any CPU
		{17B3E7FB-730F-4DDE-9BF3-5D4C04801548}.Debug|Any CPU.Build.0 = Debug|Any CPU
		{17B3E7FB-730F-4DDE-9BF3-5D4C04801548}.Release|Any CPU.ActiveCfg = Release|Any CPU
		{17B3E7FB-730F-4DDE-9BF3-5D4C04801548}.Release|Any CPU.Build.0 = Release|Any CPU
	EndGlobalSection
	GlobalSection(SolutionProperties) = preSolution
		HideSolutionNode = FALSE
	EndGlobalSection
	GlobalSection(NestedProjects) = preSolution
		{2E51B783-8D1B-4A8B-B062-4F16AD8229E4} = {761A3A14-E27D-48C9-8B37-3CBA46B1CC01}
		{37CCCEE0-338F-458B-AAAD-843D42D7F87D} = {761A3A14-E27D-48C9-8B37-3CBA46B1CC01}
		{17B3E7FB-730F-4DDE-9BF3-5D4C04801548} = {761A3A14-E27D-48C9-8B37-3CBA46B1CC01}
	EndGlobalSection
	GlobalSection(ExtensibilityGlobals) = postSolution
		SolutionGuid = {9D5AADA3-ECD9-49F4-8A43-A469B4043E78}
	EndGlobalSection
EndGlobal
